
Microsoft Visual Studio Solution File, Format Version 12.00
# Visual Studio 15
VisualStudioVersion = 15.0.27428.2005
MinimumVisualStudioVersion = 10.0.40219.1
Project("{9A19103F-16F7-4668-BE54-9A1E7A4F7556}") = "WebStore", "WebStore\WebStore.csproj", "{1855249A-30F1-491E-9FC8-62BDAE147A03}"
EndProject
Project("{9A19103F-16F7-4668-BE54-9A1E7A4F7556}") = "WebStore.Domain", "WebStore.Domain\WebStore.Domain.csproj", "{EB6D3259-2820-42E4-92A9-A86E8B28C313}"
EndProject
Project("{FAE04EC0-301F-11D3-BF4B-00C04F79EFBC}") = "WebStore.DAL", "WebStore.DAL\WebStore.DAL.csproj", "{38DC1E46-8AAD-451B-9E47-EEAA81B8B607}"
EndProject
Global
	GlobalSection(SolutionConfigurationPlatforms) = preSolution
		Debug|Any CPU = Debug|Any CPU
		Release|Any CPU = Release|Any CPU
	EndGlobalSection
	GlobalSection(ProjectConfigurationPlatforms) = postSolution
		{1855249A-30F1-491E-9FC8-62BDAE147A03}.Debug|Any CPU.ActiveCfg = Debug|Any CPU
		{1855249A-30F1-491E-9FC8-62BDAE147A03}.Debug|Any CPU.Build.0 = Debug|Any CPU
		{1855249A-30F1-491E-9FC8-62BDAE147A03}.Release|Any CPU.ActiveCfg = Release|Any CPU
		{1855249A-30F1-491E-9FC8-62BDAE147A03}.Release|Any CPU.Build.0 = Release|Any CPU
		{EB6D3259-2820-42E4-92A9-A86E8B28C313}.Debug|Any CPU.ActiveCfg = Debug|Any CPU
		{EB6D3259-2820-42E4-92A9-A86E8B28C313}.Debug|Any CPU.Build.0 = Debug|Any CPU
		{EB6D3259-2820-42E4-92A9-A86E8B28C313}.Release|Any CPU.ActiveCfg = Release|Any CPU
		{EB6D3259-2820-42E4-92A9-A86E8B28C313}.Release|Any CPU.Build.0 = Release|Any CPU
		{38DC1E46-8AAD-451B-9E47-EEAA81B8B607}.Debug|Any CPU.ActiveCfg = Debug|Any CPU
		{38DC1E46-8AAD-451B-9E47-EEAA81B8B607}.Debug|Any CPU.Build.0 = Debug|Any CPU
		{38DC1E46-8AAD-451B-9E47-EEAA81B8B607}.Release|Any CPU.ActiveCfg = Release|Any CPU
		{38DC1E46-8AAD-451B-9E47-EEAA81B8B607}.Release|Any CPU.Build.0 = Release|Any CPU
	EndGlobalSection
	GlobalSection(SolutionProperties) = preSolution
		HideSolutionNode = FALSE
	EndGlobalSection
	GlobalSection(ExtensibilityGlobals) = postSolution
		SolutionGuid = {BE7A05CC-07C0-41CC-87B4-5DBC15A37D12}
	EndGlobalSection
EndGlobal
